// !$*UTF8*$!
{
	archiveVersion = 1;
	classes = {
	};
	objectVersion = 46;
	objects = {

/* Begin PBXBuildFile section */
		3753BB161F48AC2800EBD7CD /* AppDelegate.swift in Sources */ = {isa = PBXBuildFile; fileRef = 3753BB151F48AC2800EBD7CD /* AppDelegate.swift */; };
		3753BB181F48AC2800EBD7CD /* MapViewController.swift in Sources */ = {isa = PBXBuildFile; fileRef = 3753BB171F48AC2800EBD7CD /* MapViewController.swift */; };
		3753BB1B1F48AC2800EBD7CD /* Main.storyboard in Resources */ = {isa = PBXBuildFile; fileRef = 3753BB191F48AC2800EBD7CD /* Main.storyboard */; };
		3753BB1E1F48AC2800EBD7CD /* PlayLocationService.xcdatamodeld in Sources */ = {isa = PBXBuildFile; fileRef = 3753BB1C1F48AC2800EBD7CD /* PlayLocationService.xcdatamodeld */; };
		3753BB201F48AC2800EBD7CD /* Assets.xcassets in Resources */ = {isa = PBXBuildFile; fileRef = 3753BB1F1F48AC2800EBD7CD /* Assets.xcassets */; };
		3753BB231F48AC2800EBD7CD /* LaunchScreen.storyboard in Resources */ = {isa = PBXBuildFile; fileRef = 3753BB211F48AC2800EBD7CD /* LaunchScreen.storyboard */; };
		3753BB2E1F48AC2800EBD7CD /* PlayLocationServiceTests.swift in Sources */ = {isa = PBXBuildFile; fileRef = 3753BB2D1F48AC2800EBD7CD /* PlayLocationServiceTests.swift */; };
		3753BB391F48AC2800EBD7CD /* PlayLocationServiceUITests.swift in Sources */ = {isa = PBXBuildFile; fileRef = 3753BB381F48AC2800EBD7CD /* PlayLocationServiceUITests.swift */; };
		3753BB481F48AC5C00EBD7CD /* CoreLocation.framework in Frameworks */ = {isa = PBXBuildFile; fileRef = 3753BB471F48AC5C00EBD7CD /* CoreLocation.framework */; };
		3753BB4A1F4A8EAE00EBD7CD /* TaskLocation.swift in Sources */ = {isa = PBXBuildFile; fileRef = 3753BB491F4A8EAE00EBD7CD /* TaskLocation.swift */; };
		3753BB4C1F4B2C5300EBD7CD /* FirstViewController.swift in Sources */ = {isa = PBXBuildFile; fileRef = 3753BB4B1F4B2C5300EBD7CD /* FirstViewController.swift */; };
		3753BB4E1F4B2E6E00EBD7CD /* LocationListViewController.swift in Sources */ = {isa = PBXBuildFile; fileRef = 3753BB4D1F4B2E6E00EBD7CD /* LocationListViewController.swift */; };
		3753BB551F4B332D00EBD7CD /* LocationAnnotation+CoreDataClass.swift in Sources */ = {isa = PBXBuildFile; fileRef = 3753BB511F4B332D00EBD7CD /* LocationAnnotation+CoreDataClass.swift */; };
		3753BB561F4B332D00EBD7CD /* LocationAnnotation+CoreDataProperties.swift in Sources */ = {isa = PBXBuildFile; fileRef = 3753BB521F4B332D00EBD7CD /* LocationAnnotation+CoreDataProperties.swift */; };
		3753BB571F4B332D00EBD7CD /* Task+CoreDataClass.swift in Sources */ = {isa = PBXBuildFile; fileRef = 3753BB531F4B332D00EBD7CD /* Task+CoreDataClass.swift */; };
		3753BB581F4B332D00EBD7CD /* Task+CoreDataProperties.swift in Sources */ = {isa = PBXBuildFile; fileRef = 3753BB541F4B332D00EBD7CD /* Task+CoreDataProperties.swift */; };
		3753BB5B1F4B33D100EBD7CD /* CoreDataStack.swift in Sources */ = {isa = PBXBuildFile; fileRef = 3753BB5A1F4B33D100EBD7CD /* CoreDataStack.swift */; };
		3753BB5D1F4B357600EBD7CD /* Constant.swift in Sources */ = {isa = PBXBuildFile; fileRef = 3753BB5C1F4B357600EBD7CD /* Constant.swift */; };
/* End PBXBuildFile section */

/* Begin PBXContainerItemProxy section */
		3753BB2A1F48AC2800EBD7CD /* PBXContainerItemProxy */ = {
			isa = PBXContainerItemProxy;
			containerPortal = 3753BB0A1F48AC2800EBD7CD /* Project object */;
			proxyType = 1;
			remoteGlobalIDString = 3753BB111F48AC2800EBD7CD;
			remoteInfo = PlayLocationService;
		};
		3753BB351F48AC2800EBD7CD /* PBXContainerItemProxy */ = {
			isa = PBXContainerItemProxy;
			containerPortal = 3753BB0A1F48AC2800EBD7CD /* Project object */;
			proxyType = 1;
			remoteGlobalIDString = 3753BB111F48AC2800EBD7CD;
			remoteInfo = PlayLocationService;
		};
/* End PBXContainerItemProxy section */

/* Begin PBXFileReference section */
		3753BB121F48AC2800EBD7CD /* PlayLocationService.app */ = {isa = PBXFileReference; explicitFileType = wrapper.application; includeInIndex = 0; path = PlayLocationService.app; sourceTree = BUILT_PRODUCTS_DIR; };
		3753BB151F48AC2800EBD7CD /* AppDelegate.swift */ = {isa = PBXFileReference; lastKnownFileType = sourcecode.swift; path = AppDelegate.swift; sourceTree = "<group>"; };
		3753BB171F48AC2800EBD7CD /* MapViewController.swift */ = {isa = PBXFileReference; lastKnownFileType = sourcecode.swift; path = MapViewController.swift; sourceTree = "<group>"; };
		3753BB1A1F48AC2800EBD7CD /* Base */ = {isa = PBXFileReference; lastKnownFileType = file.storyboard; name = Base; path = Base.lproj/Main.storyboard; sourceTree = "<group>"; };
		3753BB1D1F48AC2800EBD7CD /* PlayLocationService.xcdatamodel */ = {isa = PBXFileReference; lastKnownFileType = wrapper.xcdatamodel; path = PlayLocationService.xcdatamodel; sourceTree = "<group>"; };
		3753BB1F1F48AC2800EBD7CD /* Assets.xcassets */ = {isa = PBXFileReference; lastKnownFileType = folder.assetcatalog; path = Assets.xcassets; sourceTree = "<group>"; };
		3753BB221F48AC2800EBD7CD /* Base */ = {isa = PBXFileReference; lastKnownFileType = file.storyboard; name = Base; path = Base.lproj/LaunchScreen.storyboard; sourceTree = "<group>"; };
		3753BB241F48AC2800EBD7CD /* Info.plist */ = {isa = PBXFileReference; lastKnownFileType = text.plist.xml; path = Info.plist; sourceTree = "<group>"; };
		3753BB291F48AC2800EBD7CD /* PlayLocationServiceTests.xctest */ = {isa = PBXFileReference; explicitFileType = wrapper.cfbundle; includeInIndex = 0; path = PlayLocationServiceTests.xctest; sourceTree = BUILT_PRODUCTS_DIR; };
		3753BB2D1F48AC2800EBD7CD /* PlayLocationServiceTests.swift */ = {isa = PBXFileReference; lastKnownFileType = sourcecode.swift; path = PlayLocationServiceTests.swift; sourceTree = "<group>"; };
		3753BB2F1F48AC2800EBD7CD /* Info.plist */ = {isa = PBXFileReference; lastKnownFileType = text.plist.xml; path = Info.plist; sourceTree = "<group>"; };
		3753BB341F48AC2800EBD7CD /* PlayLocationServiceUITests.xctest */ = {isa = PBXFileReference; explicitFileType = wrapper.cfbundle; includeInIndex = 0; path = PlayLocationServiceUITests.xctest; sourceTree = BUILT_PRODUCTS_DIR; };
		3753BB381F48AC2800EBD7CD /* PlayLocationServiceUITests.swift */ = {isa = PBXFileReference; lastKnownFileType = sourcecode.swift; path = PlayLocationServiceUITests.swift; sourceTree = "<group>"; };
		3753BB3A1F48AC2800EBD7CD /* Info.plist */ = {isa = PBXFileReference; lastKnownFileType = text.plist.xml; path = Info.plist; sourceTree = "<group>"; };
		3753BB471F48AC5C00EBD7CD /* CoreLocation.framework */ = {isa = PBXFileReference; lastKnownFileType = wrapper.framework; name = CoreLocation.framework; path = System/Library/Frameworks/CoreLocation.framework; sourceTree = SDKROOT; };
		3753BB491F4A8EAE00EBD7CD /* TaskLocation.swift */ = {isa = PBXFileReference; fileEncoding = 4; lastKnownFileType = sourcecode.swift; path = TaskLocation.swift; sourceTree = "<group>"; };
		3753BB4B1F4B2C5300EBD7CD /* FirstViewController.swift */ = {isa = PBXFileReference; fileEncoding = 4; lastKnownFileType = sourcecode.swift; path = FirstViewController.swift; sourceTree = "<group>"; };
		3753BB4D1F4B2E6E00EBD7CD /* LocationListViewController.swift */ = {isa = PBXFileReference; fileEncoding = 4; lastKnownFileType = sourcecode.swift; path = LocationListViewController.swift; sourceTree = "<group>"; };
		3753BB511F4B332D00EBD7CD /* LocationAnnotation+CoreDataClass.swift */ = {isa = PBXFileReference; fileEncoding = 4; lastKnownFileType = sourcecode.swift; path = "LocationAnnotation+CoreDataClass.swift"; sourceTree = "<group>"; };
		3753BB521F4B332D00EBD7CD /* LocationAnnotation+CoreDataProperties.swift */ = {isa = PBXFileReference; fileEncoding = 4; lastKnownFileType = sourcecode.swift; path = "LocationAnnotation+CoreDataProperties.swift"; sourceTree = "<group>"; };
		3753BB531F4B332D00EBD7CD /* Task+CoreDataClass.swift */ = {isa = PBXFileReference; fileEncoding = 4; lastKnownFileType = sourcecode.swift; path = "Task+CoreDataClass.swift"; sourceTree = "<group>"; };
		3753BB541F4B332D00EBD7CD /* Task+CoreDataProperties.swift */ = {isa = PBXFileReference; fileEncoding = 4; lastKnownFileType = sourcecode.swift; path = "Task+CoreDataProperties.swift"; sourceTree = "<group>"; };
		3753BB5A1F4B33D100EBD7CD /* CoreDataStack.swift */ = {isa = PBXFileReference; fileEncoding = 4; lastKnownFileType = sourcecode.swift; path = CoreDataStack.swift; sourceTree = "<group>"; };
		3753BB5C1F4B357600EBD7CD /* Constant.swift */ = {isa = PBXFileReference; fileEncoding = 4; lastKnownFileType = sourcecode.swift; path = Constant.swift; sourceTree = "<group>"; };
/* End PBXFileReference section */

/* Begin PBXFrameworksBuildPhase section */
		3753BB0F1F48AC2800EBD7CD /* Frameworks */ = {
			isa = PBXFrameworksBuildPhase;
			buildActionMask = 2147483647;
			files = (
				3753BB481F48AC5C00EBD7CD /* CoreLocation.framework in Frameworks */,
			);
			runOnlyForDeploymentPostprocessing = 0;
		};
		3753BB261F48AC2800EBD7CD /* Frameworks */ = {
			isa = PBXFrameworksBuildPhase;
			buildActionMask = 2147483647;
			files = (
			);
			runOnlyForDeploymentPostprocessing = 0;
		};
		3753BB311F48AC2800EBD7CD /* Frameworks */ = {
			isa = PBXFrameworksBuildPhase;
			buildActionMask = 2147483647;
			files = (
			);
			runOnlyForDeploymentPostprocessing = 0;
		};
/* End PBXFrameworksBuildPhase section */

/* Begin PBXGroup section */
		3753BB091F48AC2800EBD7CD = {
			isa = PBXGroup;
			children = (
				3753BB141F48AC2800EBD7CD /* PlayLocationService */,
				3753BB2C1F48AC2800EBD7CD /* PlayLocationServiceTests */,
				3753BB371F48AC2800EBD7CD /* PlayLocationServiceUITests */,
				3753BB131F48AC2800EBD7CD /* Products */,
				3753BB461F48AC5C00EBD7CD /* Frameworks */,
			);
			sourceTree = "<group>";
		};
		3753BB131F48AC2800EBD7CD /* Products */ = {
			isa = PBXGroup;
			children = (
				3753BB121F48AC2800EBD7CD /* PlayLocationService.app */,
				3753BB291F48AC2800EBD7CD /* PlayLocationServiceTests.xctest */,
				3753BB341F48AC2800EBD7CD /* PlayLocationServiceUITests.xctest */,
			);
			name = Products;
			sourceTree = "<group>";
		};
		3753BB141F48AC2800EBD7CD /* PlayLocationService */ = {
			isa = PBXGroup;
			children = (
				3753BB5E1F4B3A8E00EBD7CD /* Storyboard */,
				3753BB501F4B331300EBD7CD /* CoreData */,
				3753BB4F1F4B2F4A00EBD7CD /* Controller */,
				3753BB151F48AC2800EBD7CD /* AppDelegate.swift */,
				3753BB1F1F48AC2800EBD7CD /* Assets.xcassets */,
				3753BB211F48AC2800EBD7CD /* LaunchScreen.storyboard */,
				3753BB241F48AC2800EBD7CD /* Info.plist */,
				3753BB491F4A8EAE00EBD7CD /* TaskLocation.swift */,
				3753BB5C1F4B357600EBD7CD /* Constant.swift */,
			);
			path = PlayLocationService;
			sourceTree = "<group>";
		};
		3753BB2C1F48AC2800EBD7CD /* PlayLocationServiceTests */ = {
			isa = PBXGroup;
			children = (
				3753BB2D1F48AC2800EBD7CD /* PlayLocationServiceTests.swift */,
				3753BB2F1F48AC2800EBD7CD /* Info.plist */,
			);
			path = PlayLocationServiceTests;
			sourceTree = "<group>";
		};
		3753BB371F48AC2800EBD7CD /* PlayLocationServiceUITests */ = {
			isa = PBXGroup;
			children = (
				3753BB381F48AC2800EBD7CD /* PlayLocationServiceUITests.swift */,
				3753BB3A1F48AC2800EBD7CD /* Info.plist */,
			);
			path = PlayLocationServiceUITests;
			sourceTree = "<group>";
		};
		3753BB461F48AC5C00EBD7CD /* Frameworks */ = {
			isa = PBXGroup;
			children = (
				3753BB471F48AC5C00EBD7CD /* CoreLocation.framework */,
			);
			name = Frameworks;
			sourceTree = "<group>";
		};
		3753BB4F1F4B2F4A00EBD7CD /* Controller */ = {
			isa = PBXGroup;
			children = (
				3753BB4B1F4B2C5300EBD7CD /* FirstViewController.swift */,
				3753BB4D1F4B2E6E00EBD7CD /* LocationListViewController.swift */,
				3753BB171F48AC2800EBD7CD /* MapViewController.swift */,
			);
			name = Controller;
			sourceTree = "<group>";
		};
		3753BB501F4B331300EBD7CD /* CoreData */ = {
			isa = PBXGroup;
			children = (
				3753BB1C1F48AC2800EBD7CD /* PlayLocationService.xcdatamodeld */,
				3753BB5A1F4B33D100EBD7CD /* CoreDataStack.swift */,
				3753BB591F4B336000EBD7CD /* NSManageObject */,
			);
			name = CoreData;
			sourceTree = "<group>";
		};
		3753BB591F4B336000EBD7CD /* NSManageObject */ = {
			isa = PBXGroup;
			children = (
				3753BB511F4B332D00EBD7CD /* LocationAnnotation+CoreDataClass.swift */,
				3753BB521F4B332D00EBD7CD /* LocationAnnotation+CoreDataProperties.swift */,
				3753BB531F4B332D00EBD7CD /* Task+CoreDataClass.swift */,
				3753BB541F4B332D00EBD7CD /* Task+CoreDataProperties.swift */,
			);
			name = NSManageObject;
			sourceTree = "<group>";
		};
		3753BB5E1F4B3A8E00EBD7CD /* Storyboard */ = {
			isa = PBXGroup;
			children = (
				3753BB191F48AC2800EBD7CD /* Main.storyboard */,
			);
			name = Storyboard;
			sourceTree = "<group>";
		};
/* End PBXGroup section */

/* Begin PBXNativeTarget section */
		3753BB111F48AC2800EBD7CD /* PlayLocationService */ = {
			isa = PBXNativeTarget;
			buildConfigurationList = 3753BB3D1F48AC2800EBD7CD /* Build configuration list for PBXNativeTarget "PlayLocationService" */;
			buildPhases = (
				3753BB0E1F48AC2800EBD7CD /* Sources */,
				3753BB0F1F48AC2800EBD7CD /* Frameworks */,
				3753BB101F48AC2800EBD7CD /* Resources */,
			);
			buildRules = (
			);
			dependencies = (
			);
			name = PlayLocationService;
			productName = PlayLocationService;
			productReference = 3753BB121F48AC2800EBD7CD /* PlayLocationService.app */;
			productType = "com.apple.product-type.application";
		};
		3753BB281F48AC2800EBD7CD /* PlayLocationServiceTests */ = {
			isa = PBXNativeTarget;
			buildConfigurationList = 3753BB401F48AC2800EBD7CD /* Build configuration list for PBXNativeTarget "PlayLocationServiceTests" */;
			buildPhases = (
				3753BB251F48AC2800EBD7CD /* Sources */,
				3753BB261F48AC2800EBD7CD /* Frameworks */,
				3753BB271F48AC2800EBD7CD /* Resources */,
			);
			buildRules = (
			);
			dependencies = (
				3753BB2B1F48AC2800EBD7CD /* PBXTargetDependency */,
			);
			name = PlayLocationServiceTests;
			productName = PlayLocationServiceTests;
			productReference = 3753BB291F48AC2800EBD7CD /* PlayLocationServiceTests.xctest */;
			productType = "com.apple.product-type.bundle.unit-test";
		};
		3753BB331F48AC2800EBD7CD /* PlayLocationServiceUITests */ = {
			isa = PBXNativeTarget;
			buildConfigurationList = 3753BB431F48AC2800EBD7CD /* Build configuration list for PBXNativeTarget "PlayLocationServiceUITests" */;
			buildPhases = (
				3753BB301F48AC2800EBD7CD /* Sources */,
				3753BB311F48AC2800EBD7CD /* Frameworks */,
				3753BB321F48AC2800EBD7CD /* Resources */,
			);
			buildRules = (
			);
			dependencies = (
				3753BB361F48AC2800EBD7CD /* PBXTargetDependency */,
			);
			name = PlayLocationServiceUITests;
			productName = PlayLocationServiceUITests;
			productReference = 3753BB341F48AC2800EBD7CD /* PlayLocationServiceUITests.xctest */;
			productType = "com.apple.product-type.bundle.ui-testing";
		};
/* End PBXNativeTarget section */

/* Begin PBXProject section */
		3753BB0A1F48AC2800EBD7CD /* Project object */ = {
			isa = PBXProject;
			attributes = {
				LastSwiftUpdateCheck = 0830;
				LastUpgradeCheck = 0830;
				ORGANIZATIONNAME = iShinobi;
				TargetAttributes = {
					3753BB111F48AC2800EBD7CD = {
						CreatedOnToolsVersion = 8.3.3;
						DevelopmentTeam = WZFHSP6QD4;
						ProvisioningStyle = Automatic;
					};
					3753BB281F48AC2800EBD7CD = {
						CreatedOnToolsVersion = 8.3.3;
						DevelopmentTeam = WZFHSP6QD4;
						ProvisioningStyle = Automatic;
						TestTargetID = 3753BB111F48AC2800EBD7CD;
					};
					3753BB331F48AC2800EBD7CD = {
						CreatedOnToolsVersion = 8.3.3;
						DevelopmentTeam = WZFHSP6QD4;
						ProvisioningStyle = Automatic;
						TestTargetID = 3753BB111F48AC2800EBD7CD;
					};
				};
			};
			buildConfigurationList = 3753BB0D1F48AC2800EBD7CD /* Build configuration list for PBXProject "PlayLocationService" */;
			compatibilityVersion = "Xcode 3.2";
			developmentRegion = English;
			hasScannedForEncodings = 0;
			knownRegions = (
				en,
				Base,
			);
			mainGroup = 3753BB091F48AC2800EBD7CD;
			productRefGroup = 3753BB131F48AC2800EBD7CD /* Products */;
			projectDirPath = "";
			projectRoot = "";
			targets = (
				3753BB111F48AC2800EBD7CD /* PlayLocationService */,
				3753BB281F48AC2800EBD7CD /* PlayLocationServiceTests */,
				3753BB331F48AC2800EBD7CD /* PlayLocationServiceUITests */,
			);
		};
/* End PBXProject section */

/* Begin PBXResourcesBuildPhase section */
		3753BB101F48AC2800EBD7CD /* Resources */ = {
			isa = PBXResourcesBuildPhase;
			buildActionMask = 2147483647;
			files = (
				3753BB231F48AC2800EBD7CD /* LaunchScreen.storyboard in Resources */,
				3753BB201F48AC2800EBD7CD /* Assets.xcassets in Resources */,
				3753BB1B1F48AC2800EBD7CD /* Main.storyboard in Resources */,
			);
			runOnlyForDeploymentPostprocessing = 0;
		};
		3753BB271F48AC2800EBD7CD /* Resources */ = {
			isa = PBXResourcesBuildPhase;
			buildActionMask = 2147483647;
			files = (
			);
			runOnlyForDeploymentPostprocessing = 0;
		};
		3753BB321F48AC2800EBD7CD /* Resources */ = {
			isa = PBXResourcesBuildPhase;
			buildActionMask = 2147483647;
			files = (
			);
			runOnlyForDeploymentPostprocessing = 0;
		};
/* End PBXResourcesBuildPhase section */

/* Begin PBXSourcesBuildPhase section */
		3753BB0E1F48AC2800EBD7CD /* Sources */ = {
			isa = PBXSourcesBuildPhase;
			buildActionMask = 2147483647;
			files = (
				3753BB4C1F4B2C5300EBD7CD /* FirstViewController.swift in Sources */,
				3753BB571F4B332D00EBD7CD /* Task+CoreDataClass.swift in Sources */,
				3753BB1E1F48AC2800EBD7CD /* PlayLocationService.xcdatamodeld in Sources */,
				3753BB4A1F4A8EAE00EBD7CD /* TaskLocation.swift in Sources */,
				3753BB551F4B332D00EBD7CD /* LocationAnnotation+CoreDataClass.swift in Sources */,
				3753BB181F48AC2800EBD7CD /* MapViewController.swift in Sources */,
				3753BB5B1F4B33D100EBD7CD /* CoreDataStack.swift in Sources */,
				3753BB561F4B332D00EBD7CD /* LocationAnnotation+CoreDataProperties.swift in Sources */,
				3753BB4E1F4B2E6E00EBD7CD /* LocationListViewController.swift in Sources */,
				3753BB581F4B332D00EBD7CD /* Task+CoreDataProperties.swift in Sources */,
				3753BB161F48AC2800EBD7CD /* AppDelegate.swift in Sources */,
				3753BB5D1F4B357600EBD7CD /* Constant.swift in Sources */,
			);
			runOnlyForDeploymentPostprocessing = 0;
		};
		3753BB251F48AC2800EBD7CD /* Sources */ = {
			isa = PBXSourcesBuildPhase;
			buildActionMask = 2147483647;
			files = (
				3753BB2E1F48AC2800EBD7CD /* PlayLocationServiceTests.swift in Sources */,
			);
			runOnlyForDeploymentPostprocessing = 0;
		};
		3753BB301F48AC2800EBD7CD /* Sources */ = {
			isa = PBXSourcesBuildPhase;
			buildActionMask = 2147483647;
			files = (
				3753BB391F48AC2800EBD7CD /* PlayLocationServiceUITests.swift in Sources */,
			);
			runOnlyForDeploymentPostprocessing = 0;
		};
/* End PBXSourcesBuildPhase section */

/* Begin PBXTargetDependency section */
		3753BB2B1F48AC2800EBD7CD /* PBXTargetDependency */ = {
			isa = PBXTargetDependency;
			target = 3753BB111F48AC2800EBD7CD /* PlayLocationService */;
			targetProxy = 3753BB2A1F48AC2800EBD7CD /* PBXContainerItemProxy */;
		};
		3753BB361F48AC2800EBD7CD /* PBXTargetDependency */ = {
			isa = PBXTargetDependency;
			target = 3753BB111F48AC2800EBD7CD /* PlayLocationService */;
			targetProxy = 3753BB351F48AC2800EBD7CD /* PBXContainerItemProxy */;
		};
/* End PBXTargetDependency section */

/* Begin PBXVariantGroup section */
		3753BB191F48AC2800EBD7CD /* Main.storyboard */ = {
			isa = PBXVariantGroup;
			children = (
				3753BB1A1F48AC2800EBD7CD /* Base */,
			);
			name = Main.storyboard;
			sourceTree = "<group>";
		};
		3753BB211F48AC2800EBD7CD /* LaunchScreen.storyboard */ = {
			isa = PBXVariantGroup;
			children = (
				3753BB221F48AC2800EBD7CD /* Base */,
			);
			name = LaunchScreen.storyboard;
			sourceTree = "<group>";
		};
/* End PBXVariantGroup section */

/* Begin XCBuildConfiguration section */
		3753BB3B1F48AC2800EBD7CD /* Debug */ = {
			isa = XCBuildConfiguration;
			buildSettings = {
				ALWAYS_SEARCH_USER_PATHS = NO;
				CLANG_ANALYZER_NONNULL = YES;
				CLANG_ANALYZER_NUMBER_OBJECT_CONVERSION = YES_AGGRESSIVE;
				CLANG_CXX_LANGUAGE_STANDARD = "gnu++0x";
				CLANG_CXX_LIBRARY = "libc++";
				CLANG_ENABLE_MODULES = YES;
				CLANG_ENABLE_OBJC_ARC = YES;
				CLANG_WARN_BOOL_CONVERSION = YES;
				CLANG_WARN_CONSTANT_CONVERSION = YES;
				CLANG_WARN_DIRECT_OBJC_ISA_USAGE = YES_ERROR;
				CLANG_WARN_DOCUMENTATION_COMMENTS = YES;
				CLANG_WARN_EMPTY_BODY = YES;
				CLANG_WARN_ENUM_CONVERSION = YES;
				CLANG_WARN_INFINITE_RECURSION = YES;
				CLANG_WARN_INT_CONVERSION = YES;
				CLANG_WARN_OBJC_ROOT_CLASS = YES_ERROR;
				CLANG_WARN_SUSPICIOUS_MOVE = YES;
				CLANG_WARN_UNREACHABLE_CODE = YES;
				CLANG_WARN__DUPLICATE_METHOD_MATCH = YES;
				"CODE_SIGN_IDENTITY[sdk=iphoneos*]" = "iPhone Developer";
				COPY_PHASE_STRIP = NO;
				DEBUG_INFORMATION_FORMAT = dwarf;
				ENABLE_STRICT_OBJC_MSGSEND = YES;
				ENABLE_TESTABILITY = YES;
				GCC_C_LANGUAGE_STANDARD = gnu99;
				GCC_DYNAMIC_NO_PIC = NO;
				GCC_NO_COMMON_BLOCKS = YES;
				GCC_OPTIMIZATION_LEVEL = 0;
				GCC_PREPROCESSOR_DEFINITIONS = (
					"DEBUG=1",
					"$(inherited)",
				);
				GCC_WARN_64_TO_32_BIT_CONVERSION = YES;
				GCC_WARN_ABOUT_RETURN_TYPE = YES_ERROR;
				GCC_WARN_UNDECLARED_SELECTOR = YES;
				GCC_WARN_UNINITIALIZED_AUTOS = YES_AGGRESSIVE;
				GCC_WARN_UNUSED_FUNCTION = YES;
				GCC_WARN_UNUSED_VARIABLE = YES;
				IPHONEOS_DEPLOYMENT_TARGET = 10.3;
				MTL_ENABLE_DEBUG_INFO = YES;
				ONLY_ACTIVE_ARCH = YES;
				SDKROOT = iphoneos;
				SWIFT_ACTIVE_COMPILATION_CONDITIONS = DEBUG;
				SWIFT_OPTIMIZATION_LEVEL = "-Onone";
				TARGETED_DEVICE_FAMILY = "1,2";
			};
			name = Debug;
		};
		3753BB3C1F48AC2800EBD7CD /* Release */ = {
			isa = XCBuildConfiguration;
			buildSettings = {
				ALWAYS_SEARCH_USER_PATHS = NO;
				CLANG_ANALYZER_NONNULL = YES;
				CLANG_ANALYZER_NUMBER_OBJECT_CONVERSION = YES_AGGRESSIVE;
				CLANG_CXX_LANGUAGE_STANDARD = "gnu++0x";
				CLANG_CXX_LIBRARY = "libc++";
				CLANG_ENABLE_MODULES = YES;
				CLANG_ENABLE_OBJC_ARC = YES;
				CLANG_WARN_BOOL_CONVERSION = YES;
				CLANG_WARN_CONSTANT_CONVERSION = YES;
				CLANG_WARN_DIRECT_OBJC_ISA_USAGE = YES_ERROR;
				CLANG_WARN_DOCUMENTATION_COMMENTS = YES;
				CLANG_WARN_EMPTY_BODY = YES;
				CLANG_WARN_ENUM_CONVERSION = YES;
				CLANG_WARN_INFINITE_RECURSION = YES;
				CLANG_WARN_INT_CONVERSION = YES;
				CLANG_WARN_OBJC_ROOT_CLASS = YES_ERROR;
				CLANG_WARN_SUSPICIOUS_MOVE = YES;
				CLANG_WARN_UNREACHABLE_CODE = YES;
				CLANG_WARN__DUPLICATE_METHOD_MATCH = YES;
				"CODE_SIGN_IDENTITY[sdk=iphoneos*]" = "iPhone Developer";
				COPY_PHASE_STRIP = NO;
				DEBUG_INFORMATION_FORMAT = "dwarf-with-dsym";
				ENABLE_NS_ASSERTIONS = NO;
				ENABLE_STRICT_OBJC_MSGSEND = YES;
				GCC_C_LANGUAGE_STANDARD = gnu99;
				GCC_NO_COMMON_BLOCKS = YES;
				GCC_WARN_64_TO_32_BIT_CONVERSION = YES;
				GCC_WARN_ABOUT_RETURN_TYPE = YES_ERROR;
				GCC_WARN_UNDECLARED_SELECTOR = YES;
				GCC_WARN_UNINITIALIZED_AUTOS = YES_AGGRESSIVE;
				GCC_WARN_UNUSED_FUNCTION = YES;
				GCC_WARN_UNUSED_VARIABLE = YES;
				IPHONEOS_DEPLOYMENT_TARGET = 10.3;
				MTL_ENABLE_DEBUG_INFO = NO;
				SDKROOT = iphoneos;
				SWIFT_OPTIMIZATION_LEVEL = "-Owholemodule";
				TARGETED_DEVICE_FAMILY = "1,2";
				VALIDATE_PRODUCT = YES;
			};
			name = Release;
		};
		3753BB3E1F48AC2800EBD7CD /* Debug */ = {
			isa = XCBuildConfiguration;
			buildSettings = {
				ASSETCATALOG_COMPILER_APPICON_NAME = AppIcon;
				DEVELOPMENT_TEAM = WZFHSP6QD4;
				INFOPLIST_FILE = PlayLocationService/Info.plist;
				LD_RUNPATH_SEARCH_PATHS = "$(inherited) @executable_path/Frameworks";
				PRODUCT_BUNDLE_IDENTIFIER = ninja.pragprog.PlayLocationService;
				PRODUCT_NAME = "$(TARGET_NAME)";
				SWIFT_VERSION = 3.0;
			};
			name = Debug;
		};
		3753BB3F1F48AC2800EBD7CD /* Release */ = {
			isa = XCBuildConfiguration;
			buildSettings = {
				ASSETCATALOG_COMPILER_APPICON_NAME = AppIcon;
				DEVELOPMENT_TEAM = WZFHSP6QD4;
				INFOPLIST_FILE = PlayLocationService/Info.plist;
				LD_RUNPATH_SEARCH_PATHS = "$(inherited) @executable_path/Frameworks";
				PRODUCT_BUNDLE_IDENTIFIER = ninja.pragprog.PlayLocationService;
				PRODUCT_NAME = "$(TARGET_NAME)";
				SWIFT_VERSION = 3.0;
			};
			name = Release;
		};
		3753BB411F48AC2800EBD7CD /* Debug */ = {
			isa = XCBuildConfiguration;
			buildSettings = {
				ALWAYS_EMBED_SWIFT_STANDARD_LIBRARIES = YES;
				BUNDLE_LOADER = "$(TEST_HOST)";
				DEVELOPMENT_TEAM = WZFHSP6QD4;
				INFOPLIST_FILE = PlayLocationServiceTests/Info.plist;
				LD_RUNPATH_SEARCH_PATHS = "$(inherited) @executable_path/Frameworks @loader_path/Frameworks";
				PRODUCT_BUNDLE_IDENTIFIER = ninja.pragprog.PlayLocationServiceTests;
				PRODUCT_NAME = "$(TARGET_NAME)";
				SWIFT_VERSION = 3.0;
				TEST_HOST = "$(BUILT_PRODUCTS_DIR)/PlayLocationService.app/PlayLocationService";
			};
			name = Debug;
		};
		3753BB421F48AC2800EBD7CD /* Release */ = {
			isa = XCBuildConfiguration;
			buildSettings = {
				ALWAYS_EMBED_SWIFT_STANDARD_LIBRARIES = YES;
				BUNDLE_LOADER = "$(TEST_HOST)";
				DEVELOPMENT_TEAM = WZFHSP6QD4;
				INFOPLIST_FILE = PlayLocationServiceTests/Info.plist;
				LD_RUNPATH_SEARCH_PATHS = "$(inherited) @executable_path/Frameworks @loader_path/Frameworks";
				PRODUCT_BUNDLE_IDENTIFIER = ninja.pragprog.PlayLocationServiceTests;
				PRODUCT_NAME = "$(TARGET_NAME)";
				SWIFT_VERSION = 3.0;
				TEST_HOST = "$(BUILT_PRODUCTS_DIR)/PlayLocationService.app/PlayLocationService";
			};
			name = Release;
		};
		3753BB441F48AC2800EBD7CD /* Debug */ = {
			isa = XCBuildConfiguration;
			buildSettings = {
				ALWAYS_EMBED_SWIFT_STANDARD_LIBRARIES = YES;
				DEVELOPMENT_TEAM = WZFHSP6QD4;
				INFOPLIST_FILE = PlayLocationServiceUITests/Info.plist;
				LD_RUNPATH_SEARCH_PATHS = "$(inherited) @executable_path/Frameworks @loader_path/Frameworks";
				PRODUCT_BUNDLE_IDENTIFIER = ninja.pragprog.PlayLocationServiceUITests;
				PRODUCT_NAME = "$(TARGET_NAME)";
				SWIFT_VERSION = 3.0;
				TEST_TARGET_NAME = PlayLocationService;
			};
			name = Debug;
		};
		3753BB451F48AC2800EBD7CD /* Release */ = {
			isa = XCBuildConfiguration;
			buildSettings = {
				ALWAYS_EMBED_SWIFT_STANDARD_LIBRARIES = YES;
				DEVELOPMENT_TEAM = WZFHSP6QD4;
				INFOPLIST_FILE = PlayLocationServiceUITests/Info.plist;
				LD_RUNPATH_SEARCH_PATHS = "$(inherited) @executable_path/Frameworks @loader_path/Frameworks";
				PRODUCT_BUNDLE_IDENTIFIER = ninja.pragprog.PlayLocationServiceUITests;
				PRODUCT_NAME = "$(TARGET_NAME)";
				SWIFT_VERSION = 3.0;
				TEST_TARGET_NAME = PlayLocationService;
			};
			name = Release;
		};
/* End XCBuildConfiguration section */

/* Begin XCConfigurationList section */
		3753BB0D1F48AC2800EBD7CD /* Build configuration list for PBXProject "PlayLocationService" */ = {
			isa = XCConfigurationList;
			buildConfigurations = (
				3753BB3B1F48AC2800EBD7CD /* Debug */,
				3753BB3C1F48AC2800EBD7CD /* Release */,
			);
			defaultConfigurationIsVisible = 0;
			defaultConfigurationName = Release;
		};
		3753BB3D1F48AC2800EBD7CD /* Build configuration list for PBXNativeTarget "PlayLocationService" */ = {
			isa = XCConfigurationList;
			buildConfigurations = (
				3753BB3E1F48AC2800EBD7CD /* Debug */,
				3753BB3F1F48AC2800EBD7CD /* Release */,
			);
			defaultConfigurationIsVisible = 0;
			defaultConfigurationName = Release;
		};
		3753BB401F48AC2800EBD7CD /* Build configuration list for PBXNativeTarget "PlayLocationServiceTests" */ = {
			isa = XCConfigurationList;
			buildConfigurations = (
				3753BB411F48AC2800EBD7CD /* Debug */,
				3753BB421F48AC2800EBD7CD /* Release */,
			);
			defaultConfigurationIsVisible = 0;
			defaultConfigurationName = Release;
		};
		3753BB431F48AC2800EBD7CD /* Build configuration list for PBXNativeTarget "PlayLocationServiceUITests" */ = {
			isa = XCConfigurationList;
			buildConfigurations = (
				3753BB441F48AC2800EBD7CD /* Debug */,
				3753BB451F48AC2800EBD7CD /* Release */,
			);
			defaultConfigurationIsVisible = 0;
			defaultConfigurationName = Release;
		};
/* End XCConfigurationList section */

/* Begin XCVersionGroup section */
		3753BB1C1F48AC2800EBD7CD /* PlayLocationService.xcdatamodeld */ = {
			isa = XCVersionGroup;
			children = (
				3753BB1D1F48AC2800EBD7CD /* PlayLocationService.xcdatamodel */,
			);
			currentVersion = 3753BB1D1F48AC2800EBD7CD /* PlayLocationService.xcdatamodel */;
			path = PlayLocationService.xcdatamodeld;
			sourceTree = "<group>";
			versionGroupType = wrapper.xcdatamodel;
		};
/* End XCVersionGroup section */
	};
	rootObject = 3753BB0A1F48AC2800EBD7CD /* Project object */;
}
